
Microsoft Visual Studio Solution File, Format Version 12.00
# Visual Studio Version 17
VisualStudioVersion = 17.8.34330.188
MinimumVisualStudioVersion = 10.0.40219.1
Project("{9A19103F-16F7-4668-BE54-9A1E7A4F7556}") = "BlogTracker", "BlogTracker\BlogTracker.csproj", "{3EF06D9D-C581-4A00-8EAC-DB76508B2F87}"
EndProject
Project("{9A19103F-16F7-4668-BE54-9A1E7A4F7556}") = "BlogTrackWebApp", "BlogTrackWebApp\BlogTrackWebApp.csproj", "{54A784F4-F9B2-49B9-9716-28EBE81EA850}"
EndProject
Project("{FAE04EC0-301F-11D3-BF4B-00C04F79EFBC}") = "BlogTrackTesting", "BlogTrackTesting\BlogTrackTesting.csproj", "{AF011738-AB3B-4CA6-884F-22CADB60C281}"
EndProject
Global
	GlobalSection(SolutionConfigurationPlatforms) = preSolution
		Debug|Any CPU = Debug|Any CPU
		Release|Any CPU = Release|Any CPU
	EndGlobalSection
	GlobalSection(ProjectConfigurationPlatforms) = postSolution
		{3EF06D9D-C581-4A00-8EAC-DB76508B2F87}.Debug|Any CPU.ActiveCfg = Debug|Any CPU
		{3EF06D9D-C581-4A00-8EAC-DB76508B2F87}.Debug|Any CPU.Build.0 = Debug|Any CPU
		{3EF06D9D-C581-4A00-8EAC-DB76508B2F87}.Release|Any CPU.ActiveCfg = Release|Any CPU
		{3EF06D9D-C581-4A00-8EAC-DB76508B2F87}.Release|Any CPU.Build.0 = Release|Any CPU
		{54A784F4-F9B2-49B9-9716-28EBE81EA850}.Debug|Any CPU.ActiveCfg = Debug|Any CPU
		{54A784F4-F9B2-49B9-9716-28EBE81EA850}.Debug|Any CPU.Build.0 = Debug|Any CPU
		{54A784F4-F9B2-49B9-9716-28EBE81EA850}.Release|Any CPU.ActiveCfg = Release|Any CPU
		{54A784F4-F9B2-49B9-9716-28EBE81EA850}.Release|Any CPU.Build.0 = Release|Any CPU
		{AF011738-AB3B-4CA6-884F-22CADB60C281}.Debug|Any CPU.ActiveCfg = Debug|Any CPU
		{AF011738-AB3B-4CA6-884F-22CADB60C281}.Debug|Any CPU.Build.0 = Debug|Any CPU
		{AF011738-AB3B-4CA6-884F-22CADB60C281}.Release|Any CPU.ActiveCfg = Release|Any CPU
		{AF011738-AB3B-4CA6-884F-22CADB60C281}.Release|Any CPU.Build.0 = Release|Any CPU
	EndGlobalSection
	GlobalSection(SolutionProperties) = preSolution
		HideSolutionNode = FALSE
	EndGlobalSection
	GlobalSection(ExtensibilityGlobals) = postSolution
		SolutionGuid = {D7E4278A-9C55-4B88-9BDD-7EC73861C80D}
	EndGlobalSection
EndGlobal
